
Microsoft Visual Studio Solution File, Format Version 12.00
# Visual Studio Version 16
VisualStudioVersion = 16.0.31005.135
MinimumVisualStudioVersion = 10.0.40219.1
Project("{9A19103F-16F7-4668-BE54-9A1E7A4F7556}") = "QuickSort", "QuickSort.csproj", "{336F8FF6-0C0C-4E25-B01F-66869019AF4C}"
EndProject
Global
	GlobalSection(SolutionConfigurationPlatforms) = preSolution
		Debug|Any CPU = Debug|Any CPU
		Release|Any CPU = Release|Any CPU
	EndGlobalSection
	GlobalSection(ProjectConfigurationPlatforms) = postSolution
		{336F8FF6-0C0C-4E25-B01F-66869019AF4C}.Debug|Any CPU.ActiveCfg = Debug|Any CPU
		{336F8FF6-0C0C-4E25-B01F-66869019AF4C}.Debug|Any CPU.Build.0 = Debug|Any CPU
		{336F8FF6-0C0C-4E25-B01F-66869019AF4C}.Release|Any CPU.ActiveCfg = Release|Any CPU
		{336F8FF6-0C0C-4E25-B01F-66869019AF4C}.Release|Any CPU.Build.0 = Release|Any CPU
	EndGlobalSection
	GlobalSection(SolutionProperties) = preSolution
		HideSolutionNode = FALSE
	EndGlobalSection
	GlobalSection(ExtensibilityGlobals) = postSolution
		SolutionGuid = {A2FBB968-21BA-44AC-9EB9-CB94F04BF81B}
	EndGlobalSection
EndGlobal
